
Microsoft Visual Studio Solution File, Format Version 12.00
# Visual Studio Version 16
VisualStudioVersion = 16.0.33027.164
MinimumVisualStudioVersion = 10.0.40219.1
Project("{FAE04EC0-301F-11D3-BF4B-00C04F79EFBC}") = "ElibraryManagement", "ElibraryManagement.csproj", "{D83E36CC-7CC0-4970-BD6A-E85DB5BDD098}"
EndProject
Global
	GlobalSection(SolutionConfigurationPlatforms) = preSolution
		Debug|Any CPU = Debug|Any CPU
		Release|Any CPU = Release|Any CPU
	EndGlobalSection
	GlobalSection(ProjectConfigurationPlatforms) = postSolution
		{D83E36CC-7CC0-4970-BD6A-E85DB5BDD098}.Debug|Any CPU.ActiveCfg = Debug|Any CPU
		{D83E36CC-7CC0-4970-BD6A-E85DB5BDD098}.Debug|Any CPU.Build.0 = Debug|Any CPU
		{D83E36CC-7CC0-4970-BD6A-E85DB5BDD098}.Release|Any CPU.ActiveCfg = Release|Any CPU
		{D83E36CC-7CC0-4970-BD6A-E85DB5BDD098}.Release|Any CPU.Build.0 = Release|Any CPU
	EndGlobalSection
	GlobalSection(SolutionProperties) = preSolution
		HideSolutionNode = FALSE
	EndGlobalSection
	GlobalSection(ExtensibilityGlobals) = postSolution
		SolutionGuid = {66100518-EDDB-4188-869E-F62FA6B41CF2}
	EndGlobalSection
EndGlobal
